// !$*UTF8*$!
{
	archiveVersion = 1;
	classes = {
	};
	objectVersion = 56;
	objects = {

/* Begin PBXBuildFile section */
		A35140582979808000FDDB2C /* NewsFeedCodeCell.swift in Sources */ = {isa = PBXBuildFile; fileRef = A35140572979808000FDDB2C /* NewsFeedCodeCell.swift */; };
		A351405A297AECFD00FDDB2C /* Constants.swift in Sources */ = {isa = PBXBuildFile; fileRef = A3514059297AECFD00FDDB2C /* Constants.swift */; };
		A376538B297C344E007024C1 /* GalleryCollectionView.swift in Sources */ = {isa = PBXBuildFile; fileRef = A376538A297C344E007024C1 /* GalleryCollectionView.swift */; };
		A376538D297C35AD007024C1 /* GalleryCollectionViewCell.swift in Sources */ = {isa = PBXBuildFile; fileRef = A376538C297C35AD007024C1 /* GalleryCollectionViewCell.swift */; };
		A39D2ABF297C57FA0085F09E /* RowLayout.swift in Sources */ = {isa = PBXBuildFile; fileRef = A39D2ABE297C57FA0085F09E /* RowLayout.swift */; };
		A3AB31BE297729CB00DA7761 /* NewsFeedPresenter.swift in Sources */ = {isa = PBXBuildFile; fileRef = A3AB31B8297729CB00DA7761 /* NewsFeedPresenter.swift */; };
		A3AB31BF297729CB00DA7761 /* NewsFeedWorker.swift in Sources */ = {isa = PBXBuildFile; fileRef = A3AB31B9297729CB00DA7761 /* NewsFeedWorker.swift */; };
		A3AB31C0297729CB00DA7761 /* NewsFeedRouter.swift in Sources */ = {isa = PBXBuildFile; fileRef = A3AB31BA297729CB00DA7761 /* NewsFeedRouter.swift */; };
		A3AB31C1297729CB00DA7761 /* NewsFeedModels.swift in Sources */ = {isa = PBXBuildFile; fileRef = A3AB31BB297729CB00DA7761 /* NewsFeedModels.swift */; };
		A3AB31C2297729CB00DA7761 /* NewsFeedViewController.swift in Sources */ = {isa = PBXBuildFile; fileRef = A3AB31BC297729CB00DA7761 /* NewsFeedViewController.swift */; };
		A3AB31C3297729CB00DA7761 /* NewsFeedInteractor.swift in Sources */ = {isa = PBXBuildFile; fileRef = A3AB31BD297729CB00DA7761 /* NewsFeedInteractor.swift */; };
		A3AB31C5297744B700DA7761 /* NewsFeedViewController.storyboard in Resources */ = {isa = PBXBuildFile; fileRef = A3AB31C4297744B700DA7761 /* NewsFeedViewController.storyboard */; };
		A3AB31C829774C3C00DA7761 /* NewsFeedCell.swift in Sources */ = {isa = PBXBuildFile; fileRef = A3AB31C729774C3C00DA7761 /* NewsFeedCell.swift */; };
		A3AB31CA29774C6C00DA7761 /* NewsFeedCell.xib in Resources */ = {isa = PBXBuildFile; fileRef = A3AB31C929774C6C00DA7761 /* NewsFeedCell.xib */; };
		A3AB31CD297847B600DA7761 /* WebImageView.swift in Sources */ = {isa = PBXBuildFile; fileRef = A3AB31CC297847B600DA7761 /* WebImageView.swift */; };
		A3AB31CF29786B2600DA7761 /* NewsFeedCellLayoutCalculator.swift in Sources */ = {isa = PBXBuildFile; fileRef = A3AB31CE29786B2600DA7761 /* NewsFeedCellLayoutCalculator.swift */; };
		A3AB31D129789E1200DA7761 /* String + Height.swift in Sources */ = {isa = PBXBuildFile; fileRef = A3AB31D029789E1200DA7761 /* String + Height.swift */; };
		A3C922CB2975C51A00E2BC45 /* AppDelegate.swift in Sources */ = {isa = PBXBuildFile; fileRef = A3C922CA2975C51A00E2BC45 /* AppDelegate.swift */; };
		A3C922CD2975C51A00E2BC45 /* SceneDelegate.swift in Sources */ = {isa = PBXBuildFile; fileRef = A3C922CC2975C51A00E2BC45 /* SceneDelegate.swift */; };
		A3C922CF2975C51A00E2BC45 /* AuthViewController.swift in Sources */ = {isa = PBXBuildFile; fileRef = A3C922CE2975C51A00E2BC45 /* AuthViewController.swift */; };
		A3C922D42975C51B00E2BC45 /* Assets.xcassets in Resources */ = {isa = PBXBuildFile; fileRef = A3C922D32975C51B00E2BC45 /* Assets.xcassets */; };
		A3C922D72975C51B00E2BC45 /* LaunchScreen.storyboard in Resources */ = {isa = PBXBuildFile; fileRef = A3C922D52975C51B00E2BC45 /* LaunchScreen.storyboard */; };
		A3C922E02975C5CF00E2BC45 /* VKSdkFramework.xcframework in Frameworks */ = {isa = PBXBuildFile; fileRef = A3C922DF2975C5CF00E2BC45 /* VKSdkFramework.xcframework */; };
		A3C922E12975C5CF00E2BC45 /* VKSdkFramework.xcframework in Embed Frameworks */ = {isa = PBXBuildFile; fileRef = A3C922DF2975C5CF00E2BC45 /* VKSdkFramework.xcframework */; settings = {ATTRIBUTES = (CodeSignOnCopy, RemoveHeadersOnCopy, ); }; };
		A3C922E42975C68800E2BC45 /* AuthService.swift in Sources */ = {isa = PBXBuildFile; fileRef = A3C922E32975C68800E2BC45 /* AuthService.swift */; };
		A3C922E72975C72900E2BC45 /* AuthViewController.storyboard in Resources */ = {isa = PBXBuildFile; fileRef = A3C922E62975C72900E2BC45 /* AuthViewController.storyboard */; };
		A3C922EF2975E95100E2BC45 /* NetworkService.swift in Sources */ = {isa = PBXBuildFile; fileRef = A3C922EE2975E95100E2BC45 /* NetworkService.swift */; };
		A3C922F12975E9F300E2BC45 /* API.swift in Sources */ = {isa = PBXBuildFile; fileRef = A3C922F02975E9F300E2BC45 /* API.swift */; };
		A3C922F42977117100E2BC45 /* FeedResponce.swift in Sources */ = {isa = PBXBuildFile; fileRef = A3C922F32977117100E2BC45 /* FeedResponce.swift */; };
		A3C922F62977144A00E2BC45 /* NetworkDataFetcher.swift in Sources */ = {isa = PBXBuildFile; fileRef = A3C922F52977144A00E2BC45 /* NetworkDataFetcher.swift */; };
/* End PBXBuildFile section */

/* Begin PBXCopyFilesBuildPhase section */
		A3C922E22975C5CF00E2BC45 /* Embed Frameworks */ = {
			isa = PBXCopyFilesBuildPhase;
			buildActionMask = 2147483647;
			dstPath = "";
			dstSubfolderSpec = 10;
			files = (
				A3C922E12975C5CF00E2BC45 /* VKSdkFramework.xcframework in Embed Frameworks */,
			);
			name = "Embed Frameworks";
			runOnlyForDeploymentPostprocessing = 0;
		};
/* End PBXCopyFilesBuildPhase section */

/* Begin PBXFileReference section */
		A35140572979808000FDDB2C /* NewsFeedCodeCell.swift */ = {isa = PBXFileReference; lastKnownFileType = sourcecode.swift; path = NewsFeedCodeCell.swift; sourceTree = "<group>"; };
		A3514059297AECFD00FDDB2C /* Constants.swift */ = {isa = PBXFileReference; lastKnownFileType = sourcecode.swift; path = Constants.swift; sourceTree = "<group>"; };
		A376538A297C344E007024C1 /* GalleryCollectionView.swift */ = {isa = PBXFileReference; lastKnownFileType = sourcecode.swift; path = GalleryCollectionView.swift; sourceTree = "<group>"; };
		A376538C297C35AD007024C1 /* GalleryCollectionViewCell.swift */ = {isa = PBXFileReference; lastKnownFileType = sourcecode.swift; path = GalleryCollectionViewCell.swift; sourceTree = "<group>"; };
		A39D2ABE297C57FA0085F09E /* RowLayout.swift */ = {isa = PBXFileReference; lastKnownFileType = sourcecode.swift; path = RowLayout.swift; sourceTree = "<group>"; };
		A3AB31B8297729CB00DA7761 /* NewsFeedPresenter.swift */ = {isa = PBXFileReference; lastKnownFileType = sourcecode.swift; path = NewsFeedPresenter.swift; sourceTree = "<group>"; };
		A3AB31B9297729CB00DA7761 /* NewsFeedWorker.swift */ = {isa = PBXFileReference; lastKnownFileType = sourcecode.swift; path = NewsFeedWorker.swift; sourceTree = "<group>"; };
		A3AB31BA297729CB00DA7761 /* NewsFeedRouter.swift */ = {isa = PBXFileReference; lastKnownFileType = sourcecode.swift; path = NewsFeedRouter.swift; sourceTree = "<group>"; };
		A3AB31BB297729CB00DA7761 /* NewsFeedModels.swift */ = {isa = PBXFileReference; lastKnownFileType = sourcecode.swift; path = NewsFeedModels.swift; sourceTree = "<group>"; };
		A3AB31BC297729CB00DA7761 /* NewsFeedViewController.swift */ = {isa = PBXFileReference; lastKnownFileType = sourcecode.swift; path = NewsFeedViewController.swift; sourceTree = "<group>"; };
		A3AB31BD297729CB00DA7761 /* NewsFeedInteractor.swift */ = {isa = PBXFileReference; lastKnownFileType = sourcecode.swift; path = NewsFeedInteractor.swift; sourceTree = "<group>"; };
		A3AB31C4297744B700DA7761 /* NewsFeedViewController.storyboard */ = {isa = PBXFileReference; lastKnownFileType = file.storyboard; path = NewsFeedViewController.storyboard; sourceTree = "<group>"; };
		A3AB31C729774C3C00DA7761 /* NewsFeedCell.swift */ = {isa = PBXFileReference; lastKnownFileType = sourcecode.swift; path = NewsFeedCell.swift; sourceTree = "<group>"; };
		A3AB31C929774C6C00DA7761 /* NewsFeedCell.xib */ = {isa = PBXFileReference; lastKnownFileType = file.xib; path = NewsFeedCell.xib; sourceTree = "<group>"; };
		A3AB31CC297847B600DA7761 /* WebImageView.swift */ = {isa = PBXFileReference; lastKnownFileType = sourcecode.swift; path = WebImageView.swift; sourceTree = "<group>"; };
		A3AB31CE29786B2600DA7761 /* NewsFeedCellLayoutCalculator.swift */ = {isa = PBXFileReference; lastKnownFileType = sourcecode.swift; path = NewsFeedCellLayoutCalculator.swift; sourceTree = "<group>"; };
		A3AB31D029789E1200DA7761 /* String + Height.swift */ = {isa = PBXFileReference; lastKnownFileType = sourcecode.swift; path = "String + Height.swift"; sourceTree = "<group>"; };
		A3C922C72975C51A00E2BC45 /* VKNewsFeed.app */ = {isa = PBXFileReference; explicitFileType = wrapper.application; includeInIndex = 0; path = VKNewsFeed.app; sourceTree = BUILT_PRODUCTS_DIR; };
		A3C922CA2975C51A00E2BC45 /* AppDelegate.swift */ = {isa = PBXFileReference; lastKnownFileType = sourcecode.swift; path = AppDelegate.swift; sourceTree = "<group>"; };
		A3C922CC2975C51A00E2BC45 /* SceneDelegate.swift */ = {isa = PBXFileReference; lastKnownFileType = sourcecode.swift; path = SceneDelegate.swift; sourceTree = "<group>"; };
		A3C922CE2975C51A00E2BC45 /* AuthViewController.swift */ = {isa = PBXFileReference; lastKnownFileType = sourcecode.swift; path = AuthViewController.swift; sourceTree = "<group>"; };
		A3C922D32975C51B00E2BC45 /* Assets.xcassets */ = {isa = PBXFileReference; lastKnownFileType = folder.assetcatalog; path = Assets.xcassets; sourceTree = "<group>"; };
		A3C922D62975C51B00E2BC45 /* Base */ = {isa = PBXFileReference; lastKnownFileType = file.storyboard; name = Base; path = Base.lproj/LaunchScreen.storyboard; sourceTree = "<group>"; };
		A3C922D82975C51B00E2BC45 /* Info.plist */ = {isa = PBXFileReference; lastKnownFileType = text.plist.xml; path = Info.plist; sourceTree = "<group>"; };
		A3C922DF2975C5CF00E2BC45 /* VKSdkFramework.xcframework */ = {isa = PBXFileReference; lastKnownFileType = wrapper.xcframework; name = VKSdkFramework.xcframework; path = Carthage/Build/VKSdkFramework.xcframework; sourceTree = "<group>"; };
		A3C922E32975C68800E2BC45 /* AuthService.swift */ = {isa = PBXFileReference; lastKnownFileType = sourcecode.swift; path = AuthService.swift; sourceTree = "<group>"; };
		A3C922E62975C72900E2BC45 /* AuthViewController.storyboard */ = {isa = PBXFileReference; lastKnownFileType = file.storyboard; path = AuthViewController.storyboard; sourceTree = "<group>"; };
		A3C922EE2975E95100E2BC45 /* NetworkService.swift */ = {isa = PBXFileReference; lastKnownFileType = sourcecode.swift; path = NetworkService.swift; sourceTree = "<group>"; };
		A3C922F02975E9F300E2BC45 /* API.swift */ = {isa = PBXFileReference; lastKnownFileType = sourcecode.swift; path = API.swift; sourceTree = "<group>"; };
		A3C922F32977117100E2BC45 /* FeedResponce.swift */ = {isa = PBXFileReference; lastKnownFileType = sourcecode.swift; path = FeedResponce.swift; sourceTree = "<group>"; };
		A3C922F52977144A00E2BC45 /* NetworkDataFetcher.swift */ = {isa = PBXFileReference; lastKnownFileType = sourcecode.swift; path = NetworkDataFetcher.swift; sourceTree = "<group>"; };
/* End PBXFileReference section */

/* Begin PBXFrameworksBuildPhase section */
		A3C922C42975C51A00E2BC45 /* Frameworks */ = {
			isa = PBXFrameworksBuildPhase;
			buildActionMask = 2147483647;
			files = (
				A3C922E02975C5CF00E2BC45 /* VKSdkFramework.xcframework in Frameworks */,
			);
			runOnlyForDeploymentPostprocessing = 0;
		};
/* End PBXFrameworksBuildPhase section */

/* Begin PBXGroup section */
		A3765389297C3435007024C1 /* GalleryView */ = {
			isa = PBXGroup;
			children = (
				A376538A297C344E007024C1 /* GalleryCollectionView.swift */,
				A376538C297C35AD007024C1 /* GalleryCollectionViewCell.swift */,
				A39D2ABE297C57FA0085F09E /* RowLayout.swift */,
			);
			path = GalleryView;
			sourceTree = "<group>";
		};
		A3AB31B7297729A700DA7761 /* NewsFeed */ = {
			isa = PBXGroup;
			children = (
				A3765389297C3435007024C1 /* GalleryView */,
				A3AB31C629774C3300DA7761 /* Cells */,
				A3AB31BC297729CB00DA7761 /* NewsFeedViewController.swift */,
				A3AB31C4297744B700DA7761 /* NewsFeedViewController.storyboard */,
				A3AB31BD297729CB00DA7761 /* NewsFeedInteractor.swift */,
				A3AB31B8297729CB00DA7761 /* NewsFeedPresenter.swift */,
				A3AB31BB297729CB00DA7761 /* NewsFeedModels.swift */,
				A3AB31B9297729CB00DA7761 /* NewsFeedWorker.swift */,
				A3AB31BA297729CB00DA7761 /* NewsFeedRouter.swift */,
			);
			path = NewsFeed;
			sourceTree = "<group>";
		};
		A3AB31C629774C3300DA7761 /* Cells */ = {
			isa = PBXGroup;
			children = (
				A3514059297AECFD00FDDB2C /* Constants.swift */,
				A3AB31C729774C3C00DA7761 /* NewsFeedCell.swift */,
				A3AB31C929774C6C00DA7761 /* NewsFeedCell.xib */,
				A3AB31CE29786B2600DA7761 /* NewsFeedCellLayoutCalculator.swift */,
				A35140572979808000FDDB2C /* NewsFeedCodeCell.swift */,
			);
			path = Cells;
			sourceTree = "<group>";
		};
		A3AB31CB297847A800DA7761 /* Helpers */ = {
			isa = PBXGroup;
			children = (
				A3AB31CC297847B600DA7761 /* WebImageView.swift */,
				A3AB31D029789E1200DA7761 /* String + Height.swift */,
			);
			path = Helpers;
			sourceTree = "<group>";
		};
		A3C922BE2975C51A00E2BC45 = {
			isa = PBXGroup;
			children = (
				A3C922C92975C51A00E2BC45 /* VKNewsFeed */,
				A3C922C82975C51A00E2BC45 /* Products */,
				A3C922DE2975C5CE00E2BC45 /* Frameworks */,
			);
			sourceTree = "<group>";
		};
		A3C922C82975C51A00E2BC45 /* Products */ = {
			isa = PBXGroup;
			children = (
				A3C922C72975C51A00E2BC45 /* VKNewsFeed.app */,
			);
			name = Products;
			sourceTree = "<group>";
		};
		A3C922C92975C51A00E2BC45 /* VKNewsFeed */ = {
			isa = PBXGroup;
			children = (
				A3C922CA2975C51A00E2BC45 /* AppDelegate.swift */,
				A3C922CC2975C51A00E2BC45 /* SceneDelegate.swift */,
				A3C922ED2975D19F00E2BC45 /* Auth */,
				A3C922E52975C6F300E2BC45 /* Services */,
				A3AB31B7297729A700DA7761 /* NewsFeed */,
				A3AB31CB297847A800DA7761 /* Helpers */,
				A3C922D32975C51B00E2BC45 /* Assets.xcassets */,
				A3C922D52975C51B00E2BC45 /* LaunchScreen.storyboard */,
				A3C922D82975C51B00E2BC45 /* Info.plist */,
			);
			path = VKNewsFeed;
			sourceTree = "<group>";
		};
		A3C922DE2975C5CE00E2BC45 /* Frameworks */ = {
			isa = PBXGroup;
			children = (
				A3C922DF2975C5CF00E2BC45 /* VKSdkFramework.xcframework */,
			);
			name = Frameworks;
			sourceTree = "<group>";
		};
		A3C922E52975C6F300E2BC45 /* Services */ = {
			isa = PBXGroup;
			children = (
				A3C922F22977116900E2BC45 /* Models */,
				A3C922E32975C68800E2BC45 /* AuthService.swift */,
				A3C922EE2975E95100E2BC45 /* NetworkService.swift */,
				A3C922F52977144A00E2BC45 /* NetworkDataFetcher.swift */,
				A3C922F02975E9F300E2BC45 /* API.swift */,
			);
			path = Services;
			sourceTree = "<group>";
		};
		A3C922ED2975D19F00E2BC45 /* Auth */ = {
			isa = PBXGroup;
			children = (
				A3C922CE2975C51A00E2BC45 /* AuthViewController.swift */,
				A3C922E62975C72900E2BC45 /* AuthViewController.storyboard */,
			);
			path = Auth;
			sourceTree = "<group>";
		};
		A3C922F22977116900E2BC45 /* Models */ = {
			isa = PBXGroup;
			children = (
				A3C922F32977117100E2BC45 /* FeedResponce.swift */,
			);
			path = Models;
			sourceTree = "<group>";
		};
/* End PBXGroup section */

/* Begin PBXNativeTarget section */
		A3C922C62975C51A00E2BC45 /* VKNewsFeed */ = {
			isa = PBXNativeTarget;
			buildConfigurationList = A3C922DB2975C51B00E2BC45 /* Build configuration list for PBXNativeTarget "VKNewsFeed" */;
			buildPhases = (
				A3C922C32975C51A00E2BC45 /* Sources */,
				A3C922C42975C51A00E2BC45 /* Frameworks */,
				A3C922C52975C51A00E2BC45 /* Resources */,
				A3C922E22975C5CF00E2BC45 /* Embed Frameworks */,
			);
			buildRules = (
			);
			dependencies = (
			);
			name = VKNewsFeed;
			productName = VKNewsFeed;
			productReference = A3C922C72975C51A00E2BC45 /* VKNewsFeed.app */;
			productType = "com.apple.product-type.application";
		};
/* End PBXNativeTarget section */

/* Begin PBXProject section */
		A3C922BF2975C51A00E2BC45 /* Project object */ = {
			isa = PBXProject;
			attributes = {
				BuildIndependentTargetsInParallel = 1;
				LastSwiftUpdateCheck = 1420;
				LastUpgradeCheck = 1420;
				TargetAttributes = {
					A3C922C62975C51A00E2BC45 = {
						CreatedOnToolsVersion = 14.2;
					};
				};
			};
			buildConfigurationList = A3C922C22975C51A00E2BC45 /* Build configuration list for PBXProject "VKNewsFeed" */;
			compatibilityVersion = "Xcode 14.0";
			developmentRegion = en;
			hasScannedForEncodings = 0;
			knownRegions = (
				en,
				Base,
			);
			mainGroup = A3C922BE2975C51A00E2BC45;
			productRefGroup = A3C922C82975C51A00E2BC45 /* Products */;
			projectDirPath = "";
			projectRoot = "";
			targets = (
				A3C922C62975C51A00E2BC45 /* VKNewsFeed */,
			);
		};
/* End PBXProject section */

/* Begin PBXResourcesBuildPhase section */
		A3C922C52975C51A00E2BC45 /* Resources */ = {
			isa = PBXResourcesBuildPhase;
			buildActionMask = 2147483647;
			files = (
				A3C922D72975C51B00E2BC45 /* LaunchScreen.storyboard in Resources */,
				A3C922E72975C72900E2BC45 /* AuthViewController.storyboard in Resources */,
				A3AB31CA29774C6C00DA7761 /* NewsFeedCell.xib in Resources */,
				A3C922D42975C51B00E2BC45 /* Assets.xcassets in Resources */,
				A3AB31C5297744B700DA7761 /* NewsFeedViewController.storyboard in Resources */,
			);
			runOnlyForDeploymentPostprocessing = 0;
		};
/* End PBXResourcesBuildPhase section */

/* Begin PBXSourcesBuildPhase section */
		A3C922C32975C51A00E2BC45 /* Sources */ = {
			isa = PBXSourcesBuildPhase;
			buildActionMask = 2147483647;
			files = (
				A376538B297C344E007024C1 /* GalleryCollectionView.swift in Sources */,
				A3C922F42977117100E2BC45 /* FeedResponce.swift in Sources */,
				A3AB31D129789E1200DA7761 /* String + Height.swift in Sources */,
				A35140582979808000FDDB2C /* NewsFeedCodeCell.swift in Sources */,
				A3AB31BE297729CB00DA7761 /* NewsFeedPresenter.swift in Sources */,
				A3C922CF2975C51A00E2BC45 /* AuthViewController.swift in Sources */,
				A3C922CB2975C51A00E2BC45 /* AppDelegate.swift in Sources */,
				A3AB31C3297729CB00DA7761 /* NewsFeedInteractor.swift in Sources */,
				A3C922CD2975C51A00E2BC45 /* SceneDelegate.swift in Sources */,
				A3C922EF2975E95100E2BC45 /* NetworkService.swift in Sources */,
				A3C922F62977144A00E2BC45 /* NetworkDataFetcher.swift in Sources */,
				A3AB31BF297729CB00DA7761 /* NewsFeedWorker.swift in Sources */,
				A3AB31CD297847B600DA7761 /* WebImageView.swift in Sources */,
				A3AB31C0297729CB00DA7761 /* NewsFeedRouter.swift in Sources */,
				A3C922E42975C68800E2BC45 /* AuthService.swift in Sources */,
				A3C922F12975E9F300E2BC45 /* API.swift in Sources */,
				A351405A297AECFD00FDDB2C /* Constants.swift in Sources */,
				A3AB31C1297729CB00DA7761 /* NewsFeedModels.swift in Sources */,
				A3AB31C829774C3C00DA7761 /* NewsFeedCell.swift in Sources */,
				A376538D297C35AD007024C1 /* GalleryCollectionViewCell.swift in Sources */,
				A39D2ABF297C57FA0085F09E /* RowLayout.swift in Sources */,
				A3AB31C2297729CB00DA7761 /* NewsFeedViewController.swift in Sources */,
				A3AB31CF29786B2600DA7761 /* NewsFeedCellLayoutCalculator.swift in Sources */,
			);
			runOnlyForDeploymentPostprocessing = 0;
		};
/* End PBXSourcesBuildPhase section */

/* Begin PBXVariantGroup section */
		A3C922D52975C51B00E2BC45 /* LaunchScreen.storyboard */ = {
			isa = PBXVariantGroup;
			children = (
				A3C922D62975C51B00E2BC45 /* Base */,
			);
			name = LaunchScreen.storyboard;
			sourceTree = "<group>";
		};
/* End PBXVariantGroup section */

/* Begin XCBuildConfiguration section */
		A3C922D92975C51B00E2BC45 /* Debug */ = {
			isa = XCBuildConfiguration;
			buildSettings = {
				ALWAYS_SEARCH_USER_PATHS = NO;
				CLANG_ANALYZER_NONNULL = YES;
				CLANG_ANALYZER_NUMBER_OBJECT_CONVERSION = YES_AGGRESSIVE;
				CLANG_CXX_LANGUAGE_STANDARD = "gnu++20";
				CLANG_ENABLE_MODULES = YES;
				CLANG_ENABLE_OBJC_ARC = YES;
				CLANG_ENABLE_OBJC_WEAK = YES;
				CLANG_WARN_BLOCK_CAPTURE_AUTORELEASING = YES;
				CLANG_WARN_BOOL_CONVERSION = YES;
				CLANG_WARN_COMMA = YES;
				CLANG_WARN_CONSTANT_CONVERSION = YES;
				CLANG_WARN_DEPRECATED_OBJC_IMPLEMENTATIONS = YES;
				CLANG_WARN_DIRECT_OBJC_ISA_USAGE = YES_ERROR;
				CLANG_WARN_DOCUMENTATION_COMMENTS = YES;
				CLANG_WARN_EMPTY_BODY = YES;
				CLANG_WARN_ENUM_CONVERSION = YES;
				CLANG_WARN_INFINITE_RECURSION = YES;
				CLANG_WARN_INT_CONVERSION = YES;
				CLANG_WARN_NON_LITERAL_NULL_CONVERSION = YES;
				CLANG_WARN_OBJC_IMPLICIT_RETAIN_SELF = YES;
				CLANG_WARN_OBJC_LITERAL_CONVERSION = YES;
				CLANG_WARN_OBJC_ROOT_CLASS = YES_ERROR;
				CLANG_WARN_QUOTED_INCLUDE_IN_FRAMEWORK_HEADER = YES;
				CLANG_WARN_RANGE_LOOP_ANALYSIS = YES;
				CLANG_WARN_STRICT_PROTOTYPES = YES;
				CLANG_WARN_SUSPICIOUS_MOVE = YES;
				CLANG_WARN_UNGUARDED_AVAILABILITY = YES_AGGRESSIVE;
				CLANG_WARN_UNREACHABLE_CODE = YES;
				CLANG_WARN__DUPLICATE_METHOD_MATCH = YES;
				COPY_PHASE_STRIP = NO;
				DEBUG_INFORMATION_FORMAT = dwarf;
				ENABLE_STRICT_OBJC_MSGSEND = YES;
				ENABLE_TESTABILITY = YES;
				GCC_C_LANGUAGE_STANDARD = gnu11;
				GCC_DYNAMIC_NO_PIC = NO;
				GCC_NO_COMMON_BLOCKS = YES;
				GCC_OPTIMIZATION_LEVEL = 0;
				GCC_PREPROCESSOR_DEFINITIONS = (
					"DEBUG=1",
					"$(inherited)",
				);
				GCC_WARN_64_TO_32_BIT_CONVERSION = YES;
				GCC_WARN_ABOUT_RETURN_TYPE = YES_ERROR;
				GCC_WARN_UNDECLARED_SELECTOR = YES;
				GCC_WARN_UNINITIALIZED_AUTOS = YES_AGGRESSIVE;
				GCC_WARN_UNUSED_FUNCTION = YES;
				GCC_WARN_UNUSED_VARIABLE = YES;
				IPHONEOS_DEPLOYMENT_TARGET = 16.2;
				MTL_ENABLE_DEBUG_INFO = INCLUDE_SOURCE;
				MTL_FAST_MATH = YES;
				ONLY_ACTIVE_ARCH = YES;
				SDKROOT = iphoneos;
				SWIFT_ACTIVE_COMPILATION_CONDITIONS = DEBUG;
				SWIFT_OPTIMIZATION_LEVEL = "-Onone";
			};
			name = Debug;
		};
		A3C922DA2975C51B00E2BC45 /* Release */ = {
			isa = XCBuildConfiguration;
			buildSettings = {
				ALWAYS_SEARCH_USER_PATHS = NO;
				CLANG_ANALYZER_NONNULL = YES;
				CLANG_ANALYZER_NUMBER_OBJECT_CONVERSION = YES_AGGRESSIVE;
				CLANG_CXX_LANGUAGE_STANDARD = "gnu++20";
				CLANG_ENABLE_MODULES = YES;
				CLANG_ENABLE_OBJC_ARC = YES;
				CLANG_ENABLE_OBJC_WEAK = YES;
				CLANG_WARN_BLOCK_CAPTURE_AUTORELEASING = YES;
				CLANG_WARN_BOOL_CONVERSION = YES;
				CLANG_WARN_COMMA = YES;
				CLANG_WARN_CONSTANT_CONVERSION = YES;
				CLANG_WARN_DEPRECATED_OBJC_IMPLEMENTATIONS = YES;
				CLANG_WARN_DIRECT_OBJC_ISA_USAGE = YES_ERROR;
				CLANG_WARN_DOCUMENTATION_COMMENTS = YES;
				CLANG_WARN_EMPTY_BODY = YES;
				CLANG_WARN_ENUM_CONVERSION = YES;
				CLANG_WARN_INFINITE_RECURSION = YES;
				CLANG_WARN_INT_CONVERSION = YES;
				CLANG_WARN_NON_LITERAL_NULL_CONVERSION = YES;
				CLANG_WARN_OBJC_IMPLICIT_RETAIN_SELF = YES;
				CLANG_WARN_OBJC_LITERAL_CONVERSION = YES;
				CLANG_WARN_OBJC_ROOT_CLASS = YES_ERROR;
				CLANG_WARN_QUOTED_INCLUDE_IN_FRAMEWORK_HEADER = YES;
				CLANG_WARN_RANGE_LOOP_ANALYSIS = YES;
				CLANG_WARN_STRICT_PROTOTYPES = YES;
				CLANG_WARN_SUSPICIOUS_MOVE = YES;
				CLANG_WARN_UNGUARDED_AVAILABILITY = YES_AGGRESSIVE;
				CLANG_WARN_UNREACHABLE_CODE = YES;
				CLANG_WARN__DUPLICATE_METHOD_MATCH = YES;
				COPY_PHASE_STRIP = NO;
				DEBUG_INFORMATION_FORMAT = "dwarf-with-dsym";
				ENABLE_NS_ASSERTIONS = NO;
				ENABLE_STRICT_OBJC_MSGSEND = YES;
				GCC_C_LANGUAGE_STANDARD = gnu11;
				GCC_NO_COMMON_BLOCKS = YES;
				GCC_WARN_64_TO_32_BIT_CONVERSION = YES;
				GCC_WARN_ABOUT_RETURN_TYPE = YES_ERROR;
				GCC_WARN_UNDECLARED_SELECTOR = YES;
				GCC_WARN_UNINITIALIZED_AUTOS = YES_AGGRESSIVE;
				GCC_WARN_UNUSED_FUNCTION = YES;
				GCC_WARN_UNUSED_VARIABLE = YES;
				IPHONEOS_DEPLOYMENT_TARGET = 16.2;
				MTL_ENABLE_DEBUG_INFO = NO;
				MTL_FAST_MATH = YES;
				SDKROOT = iphoneos;
				SWIFT_COMPILATION_MODE = wholemodule;
				SWIFT_OPTIMIZATION_LEVEL = "-O";
				VALIDATE_PRODUCT = YES;
			};
			name = Release;
		};
		A3C922DC2975C51B00E2BC45 /* Debug */ = {
			isa = XCBuildConfiguration;
			buildSettings = {
				ASSETCATALOG_COMPILER_APPICON_NAME = AppIcon;
				ASSETCATALOG_COMPILER_GLOBAL_ACCENT_COLOR_NAME = AccentColor;
				CODE_SIGN_STYLE = Automatic;
				CURRENT_PROJECT_VERSION = 1;
				DEVELOPMENT_TEAM = WK59LLD9VR;
				GENERATE_INFOPLIST_FILE = YES;
				INFOPLIST_FILE = VKNewsFeed/Info.plist;
				INFOPLIST_KEY_UIApplicationSupportsIndirectInputEvents = YES;
				INFOPLIST_KEY_UILaunchStoryboardName = LaunchScreen;
				INFOPLIST_KEY_UISupportedInterfaceOrientations_iPad = "UIInterfaceOrientationPortrait UIInterfaceOrientationPortraitUpsideDown UIInterfaceOrientationLandscapeLeft UIInterfaceOrientationLandscapeRight";
				INFOPLIST_KEY_UISupportedInterfaceOrientations_iPhone = "UIInterfaceOrientationPortrait UIInterfaceOrientationLandscapeLeft UIInterfaceOrientationLandscapeRight";
				LD_RUNPATH_SEARCH_PATHS = (
					"$(inherited)",
					"@executable_path/Frameworks",
				);
				MARKETING_VERSION = 1.0;
				PRODUCT_BUNDLE_IDENTIFIER = com.alexanderpolischuk.VKNewsFeed;
				PRODUCT_NAME = "$(TARGET_NAME)";
				SWIFT_EMIT_LOC_STRINGS = YES;
				SWIFT_VERSION = 5.0;
				TARGETED_DEVICE_FAMILY = "1,2";
			};
			name = Debug;
		};
		A3C922DD2975C51B00E2BC45 /* Release */ = {
			isa = XCBuildConfiguration;
			buildSettings = {
				ASSETCATALOG_COMPILER_APPICON_NAME = AppIcon;
				ASSETCATALOG_COMPILER_GLOBAL_ACCENT_COLOR_NAME = AccentColor;
				CODE_SIGN_STYLE = Automatic;
				CURRENT_PROJECT_VERSION = 1;
				DEVELOPMENT_TEAM = WK59LLD9VR;
				GENERATE_INFOPLIST_FILE = YES;
				INFOPLIST_FILE = VKNewsFeed/Info.plist;
				INFOPLIST_KEY_UIApplicationSupportsIndirectInputEvents = YES;
				INFOPLIST_KEY_UILaunchStoryboardName = LaunchScreen;
				INFOPLIST_KEY_UISupportedInterfaceOrientations_iPad = "UIInterfaceOrientationPortrait UIInterfaceOrientationPortraitUpsideDown UIInterfaceOrientationLandscapeLeft UIInterfaceOrientationLandscapeRight";
				INFOPLIST_KEY_UISupportedInterfaceOrientations_iPhone = "UIInterfaceOrientationPortrait UIInterfaceOrientationLandscapeLeft UIInterfaceOrientationLandscapeRight";
				LD_RUNPATH_SEARCH_PATHS = (
					"$(inherited)",
					"@executable_path/Frameworks",
				);
				MARKETING_VERSION = 1.0;
				PRODUCT_BUNDLE_IDENTIFIER = com.alexanderpolischuk.VKNewsFeed;
				PRODUCT_NAME = "$(TARGET_NAME)";
				SWIFT_EMIT_LOC_STRINGS = YES;
				SWIFT_VERSION = 5.0;
				TARGETED_DEVICE_FAMILY = "1,2";
			};
			name = Release;
		};
/* End XCBuildConfiguration section */

/* Begin XCConfigurationList section */
		A3C922C22975C51A00E2BC45 /* Build configuration list for PBXProject "VKNewsFeed" */ = {
			isa = XCConfigurationList;
			buildConfigurations = (
				A3C922D92975C51B00E2BC45 /* Debug */,
				A3C922DA2975C51B00E2BC45 /* Release */,
			);
			defaultConfigurationIsVisible = 0;
			defaultConfigurationName = Release;
		};
		A3C922DB2975C51B00E2BC45 /* Build configuration list for PBXNativeTarget "VKNewsFeed" */ = {
			isa = XCConfigurationList;
			buildConfigurations = (
				A3C922DC2975C51B00E2BC45 /* Debug */,
				A3C922DD2975C51B00E2BC45 /* Release */,
			);
			defaultConfigurationIsVisible = 0;
			defaultConfigurationName = Release;
		};
/* End XCConfigurationList section */
	};
	rootObject = A3C922BF2975C51A00E2BC45 /* Project object */;
}
